// !$*UTF8*$!
{
	archiveVersion = 1;
	classes = {
	};
	objectVersion = 50;
	objects = {

/* Begin PBXBuildFile section */
		710D4D2D20F3EEF800E139BE /* RedditEntry.swift in Sources */ = {isa = PBXBuildFile; fileRef = 710D4D2C20F3EEF800E139BE /* RedditEntry.swift */; };
		710D4D2F20F3EF8300E139BE /* RedditEntriesProvider.swift in Sources */ = {isa = PBXBuildFile; fileRef = 710D4D2E20F3EF8300E139BE /* RedditEntriesProvider.swift */; };
		710D4D3120F3F26700E139BE /* RedditEntriesProviderPagingImp.swift in Sources */ = {isa = PBXBuildFile; fileRef = 710D4D3020F3F26700E139BE /* RedditEntriesProviderPagingImp.swift */; };
		710D4D3320F3F77100E139BE /* Observable.swift in Sources */ = {isa = PBXBuildFile; fileRef = 710D4D3220F3F77100E139BE /* Observable.swift */; };
		710D4D3720F3FB7300E139BE /* RedditDataProvider.swift in Sources */ = {isa = PBXBuildFile; fileRef = 710D4D3620F3FB7300E139BE /* RedditDataProvider.swift */; };
		710D4D3920F4026E00E139BE /* RedditDecodable.swift in Sources */ = {isa = PBXBuildFile; fileRef = 710D4D3820F4026E00E139BE /* RedditDecodable.swift */; };
		7112123220F6A1E2003249CC /* PictureSaver.swift in Sources */ = {isa = PBXBuildFile; fileRef = 7112123120F6A1E2003249CC /* PictureSaver.swift */; };
		7112123420F6A359003249CC /* DeviceLibraryPictureSaver.swift in Sources */ = {isa = PBXBuildFile; fileRef = 7112123320F6A359003249CC /* DeviceLibraryPictureSaver.swift */; };
		716EB15420F22EA3001A6B37 /* EntriesListViewController.swift in Sources */ = {isa = PBXBuildFile; fileRef = 716EB15320F22EA3001A6B37 /* EntriesListViewController.swift */; };
		716EB15720F23BB8001A6B37 /* PicturePreviewViewController.swift in Sources */ = {isa = PBXBuildFile; fileRef = 716EB15620F23BB8001A6B37 /* PicturePreviewViewController.swift */; };
		716EB15920F244F9001A6B37 /* EntryCell.swift in Sources */ = {isa = PBXBuildFile; fileRef = 716EB15820F244F9001A6B37 /* EntryCell.swift */; };
		7186312F20F2259600D5A118 /* AppDelegate.swift in Sources */ = {isa = PBXBuildFile; fileRef = 7186312E20F2259600D5A118 /* AppDelegate.swift */; };
		7186313420F2259600D5A118 /* Main.storyboard in Resources */ = {isa = PBXBuildFile; fileRef = 7186313220F2259600D5A118 /* Main.storyboard */; };
		7186313620F2259700D5A118 /* Assets.xcassets in Resources */ = {isa = PBXBuildFile; fileRef = 7186313520F2259700D5A118 /* Assets.xcassets */; };
		7186313920F2259700D5A118 /* LaunchScreen.storyboard in Resources */ = {isa = PBXBuildFile; fileRef = 7186313720F2259700D5A118 /* LaunchScreen.storyboard */; };
		71AA03AD20FA233300266FE7 /* UIImageView+URL.swift in Sources */ = {isa = PBXBuildFile; fileRef = 71AA03AC20FA233300266FE7 /* UIImageView+URL.swift */; };
		71AA03AF20FA3CBC00266FE7 /* String+Date.swift in Sources */ = {isa = PBXBuildFile; fileRef = 71AA03AE20FA3CBC00266FE7 /* String+Date.swift */; };
		71DAAB7220F2554600695874 /* Coordinator.swift in Sources */ = {isa = PBXBuildFile; fileRef = 71DAAB7120F2554600695874 /* Coordinator.swift */; };
		71DAAB7920F2570900695874 /* BaseCoordinator.swift in Sources */ = {isa = PBXBuildFile; fileRef = 71DAAB7820F2570900695874 /* BaseCoordinator.swift */; };
		71DAAB7B20F2598F00695874 /* ApplicationCoordinator.swift in Sources */ = {isa = PBXBuildFile; fileRef = 71DAAB7A20F2598F00695874 /* ApplicationCoordinator.swift */; };
		71DAAB7E20F25A5300695874 /* Router.swift in Sources */ = {isa = PBXBuildFile; fileRef = 71DAAB7D20F25A5300695874 /* Router.swift */; };
		71DAAB8020F25A7600695874 /* RouterImp.swift in Sources */ = {isa = PBXBuildFile; fileRef = 71DAAB7F20F25A7600695874 /* RouterImp.swift */; };
		71DAAB8220F25B2000695874 /* Presentable.swift in Sources */ = {isa = PBXBuildFile; fileRef = 71DAAB8120F25B2000695874 /* Presentable.swift */; };
		71DAAB8520F25B8600695874 /* CoordinatorFactory.swift in Sources */ = {isa = PBXBuildFile; fileRef = 71DAAB8420F25B8600695874 /* CoordinatorFactory.swift */; };
		71DAAB8820F25C4B00695874 /* CoordinatorFactoryImp.swift in Sources */ = {isa = PBXBuildFile; fileRef = 71DAAB8720F25C4B00695874 /* CoordinatorFactoryImp.swift */; };
		71DAAB8B20F25CD800695874 /* ModuleFactoryImp.swift in Sources */ = {isa = PBXBuildFile; fileRef = 71DAAB8A20F25CD800695874 /* ModuleFactoryImp.swift */; };
		71DAAB8D20F25D8D00695874 /* TopEntriesModuleFactory.swift in Sources */ = {isa = PBXBuildFile; fileRef = 71DAAB8C20F25D8D00695874 /* TopEntriesModuleFactory.swift */; };
		71DAAB8F20F25DD600695874 /* PicturePreviewModuleFactory.swift in Sources */ = {isa = PBXBuildFile; fileRef = 71DAAB8E20F25DD600695874 /* PicturePreviewModuleFactory.swift */; };
		71DAAB9220F25EBD00695874 /* EntriesListViewModel.swift in Sources */ = {isa = PBXBuildFile; fileRef = 71DAAB9120F25EBD00695874 /* EntriesListViewModel.swift */; };
		71DAAB9420F25EDC00695874 /* EntriesListViewModelImp.swift in Sources */ = {isa = PBXBuildFile; fileRef = 71DAAB9320F25EDC00695874 /* EntriesListViewModelImp.swift */; };
		71DAAB9720F260F700695874 /* PicturePreviewViewModel.swift in Sources */ = {isa = PBXBuildFile; fileRef = 71DAAB9620F260F700695874 /* PicturePreviewViewModel.swift */; };
		71DAAB9920F2614400695874 /* PicturePreviewViewModelImp.swift in Sources */ = {isa = PBXBuildFile; fileRef = 71DAAB9820F2614400695874 /* PicturePreviewViewModelImp.swift */; };
		71DAAB9C20F263A400695874 /* UIViewController+Storyboards.swift in Sources */ = {isa = PBXBuildFile; fileRef = 71DAAB9B20F263A400695874 /* UIViewController+Storyboards.swift */; };
		71DAAB9E20F264A000695874 /* NSObject+ClassName.swift in Sources */ = {isa = PBXBuildFile; fileRef = 71DAAB9D20F264A000695874 /* NSObject+ClassName.swift */; };
		71DAABA020F265D500695874 /* Storyboards.swift in Sources */ = {isa = PBXBuildFile; fileRef = 71DAAB9F20F265D500695874 /* Storyboards.swift */; };
		71DAABA320F26D0E00695874 /* MVVMViewModel.swift in Sources */ = {isa = PBXBuildFile; fileRef = 71DAABA220F26D0E00695874 /* MVVMViewModel.swift */; };
		71DAABA520F26D2F00695874 /* MVVMViewController.swift in Sources */ = {isa = PBXBuildFile; fileRef = 71DAABA420F26D2F00695874 /* MVVMViewController.swift */; };
		71DAABAA20F26F4000695874 /* TopEntriesCoordinator.swift in Sources */ = {isa = PBXBuildFile; fileRef = 71DAABA920F26F4000695874 /* TopEntriesCoordinator.swift */; };
		71DAABAD20F2726800695874 /* PictureViewerCoordinator.swift in Sources */ = {isa = PBXBuildFile; fileRef = 71DAABAC20F2726800695874 /* PictureViewerCoordinator.swift */; };
		71DAABAF20F275E300695874 /* EntriesListModuleIO.swift in Sources */ = {isa = PBXBuildFile; fileRef = 71DAABAE20F275E300695874 /* EntriesListModuleIO.swift */; };
		71DAABB220F2760B00695874 /* Picture.swift in Sources */ = {isa = PBXBuildFile; fileRef = 71DAABB120F2760B00695874 /* Picture.swift */; };
		71DAABB420F2773A00695874 /* Typealiases.swift in Sources */ = {isa = PBXBuildFile; fileRef = 71DAABB320F2773A00695874 /* Typealiases.swift */; };
		71F71EDD20F52803007330A9 /* RedditEntriesProviderImp.swift in Sources */ = {isa = PBXBuildFile; fileRef = 71F71EDC20F52803007330A9 /* RedditEntriesProviderImp.swift */; };
		71F71EDF20F5416E007330A9 /* LoadingCell.swift in Sources */ = {isa = PBXBuildFile; fileRef = 71F71EDE20F5416E007330A9 /* LoadingCell.swift */; };
		71F71EE220F556A4007330A9 /* RedditPictureProvider.swift in Sources */ = {isa = PBXBuildFile; fileRef = 71F71EE120F556A4007330A9 /* RedditPictureProvider.swift */; };
		71F71EE420F55796007330A9 /* RedditPictureProviderImp.swift in Sources */ = {isa = PBXBuildFile; fileRef = 71F71EE320F55796007330A9 /* RedditPictureProviderImp.swift */; };
/* End PBXBuildFile section */

/* Begin PBXFileReference section */
		710D4D2C20F3EEF800E139BE /* RedditEntry.swift */ = {isa = PBXFileReference; lastKnownFileType = sourcecode.swift; path = RedditEntry.swift; sourceTree = "<group>"; };
		710D4D2E20F3EF8300E139BE /* RedditEntriesProvider.swift */ = {isa = PBXFileReference; lastKnownFileType = sourcecode.swift; path = RedditEntriesProvider.swift; sourceTree = "<group>"; };
		710D4D3020F3F26700E139BE /* RedditEntriesProviderPagingImp.swift */ = {isa = PBXFileReference; lastKnownFileType = sourcecode.swift; path = RedditEntriesProviderPagingImp.swift; sourceTree = "<group>"; };
		710D4D3220F3F77100E139BE /* Observable.swift */ = {isa = PBXFileReference; lastKnownFileType = sourcecode.swift; path = Observable.swift; sourceTree = "<group>"; };
		710D4D3620F3FB7300E139BE /* RedditDataProvider.swift */ = {isa = PBXFileReference; lastKnownFileType = sourcecode.swift; path = RedditDataProvider.swift; sourceTree = "<group>"; };
		710D4D3820F4026E00E139BE /* RedditDecodable.swift */ = {isa = PBXFileReference; lastKnownFileType = sourcecode.swift; path = RedditDecodable.swift; sourceTree = "<group>"; };
		7112123120F6A1E2003249CC /* PictureSaver.swift */ = {isa = PBXFileReference; lastKnownFileType = sourcecode.swift; path = PictureSaver.swift; sourceTree = "<group>"; };
		7112123320F6A359003249CC /* DeviceLibraryPictureSaver.swift */ = {isa = PBXFileReference; lastKnownFileType = sourcecode.swift; path = DeviceLibraryPictureSaver.swift; sourceTree = "<group>"; };
		716EB15120F22C84001A6B37 /* README.md */ = {isa = PBXFileReference; fileEncoding = 4; lastKnownFileType = net.daringfireball.markdown; path = README.md; sourceTree = "<group>"; };
		716EB15320F22EA3001A6B37 /* EntriesListViewController.swift */ = {isa = PBXFileReference; lastKnownFileType = sourcecode.swift; path = EntriesListViewController.swift; sourceTree = "<group>"; };
		716EB15620F23BB8001A6B37 /* PicturePreviewViewController.swift */ = {isa = PBXFileReference; lastKnownFileType = sourcecode.swift; path = PicturePreviewViewController.swift; sourceTree = "<group>"; };
		716EB15820F244F9001A6B37 /* EntryCell.swift */ = {isa = PBXFileReference; lastKnownFileType = sourcecode.swift; path = EntryCell.swift; sourceTree = "<group>"; };
		7186312B20F2259600D5A118 /* RedditViewer.app */ = {isa = PBXFileReference; explicitFileType = wrapper.application; includeInIndex = 0; path = RedditViewer.app; sourceTree = BUILT_PRODUCTS_DIR; };
		7186312E20F2259600D5A118 /* AppDelegate.swift */ = {isa = PBXFileReference; lastKnownFileType = sourcecode.swift; path = AppDelegate.swift; sourceTree = "<group>"; };
		7186313320F2259600D5A118 /* Base */ = {isa = PBXFileReference; lastKnownFileType = file.storyboard; name = Base; path = Base.lproj/Main.storyboard; sourceTree = "<group>"; };
		7186313520F2259700D5A118 /* Assets.xcassets */ = {isa = PBXFileReference; lastKnownFileType = folder.assetcatalog; path = Assets.xcassets; sourceTree = "<group>"; };
		7186313820F2259700D5A118 /* Base */ = {isa = PBXFileReference; lastKnownFileType = file.storyboard; name = Base; path = Base.lproj/LaunchScreen.storyboard; sourceTree = "<group>"; };
		7186313A20F2259700D5A118 /* Info.plist */ = {isa = PBXFileReference; lastKnownFileType = text.plist.xml; path = Info.plist; sourceTree = "<group>"; };
		71AA03AC20FA233300266FE7 /* UIImageView+URL.swift */ = {isa = PBXFileReference; lastKnownFileType = sourcecode.swift; path = "UIImageView+URL.swift"; sourceTree = "<group>"; };
		71AA03AE20FA3CBC00266FE7 /* String+Date.swift */ = {isa = PBXFileReference; lastKnownFileType = sourcecode.swift; path = "String+Date.swift"; sourceTree = "<group>"; };
		71DAAB7120F2554600695874 /* Coordinator.swift */ = {isa = PBXFileReference; lastKnownFileType = sourcecode.swift; path = Coordinator.swift; sourceTree = "<group>"; };
		71DAAB7820F2570900695874 /* BaseCoordinator.swift */ = {isa = PBXFileReference; lastKnownFileType = sourcecode.swift; path = BaseCoordinator.swift; sourceTree = "<group>"; };
		71DAAB7A20F2598F00695874 /* ApplicationCoordinator.swift */ = {isa = PBXFileReference; lastKnownFileType = sourcecode.swift; path = ApplicationCoordinator.swift; sourceTree = "<group>"; };
		71DAAB7D20F25A5300695874 /* Router.swift */ = {isa = PBXFileReference; lastKnownFileType = sourcecode.swift; path = Router.swift; sourceTree = "<group>"; };
		71DAAB7F20F25A7600695874 /* RouterImp.swift */ = {isa = PBXFileReference; lastKnownFileType = sourcecode.swift; path = RouterImp.swift; sourceTree = "<group>"; };
		71DAAB8120F25B2000695874 /* Presentable.swift */ = {isa = PBXFileReference; lastKnownFileType = sourcecode.swift; path = Presentable.swift; sourceTree = "<group>"; };
		71DAAB8420F25B8600695874 /* CoordinatorFactory.swift */ = {isa = PBXFileReference; lastKnownFileType = sourcecode.swift; path = CoordinatorFactory.swift; sourceTree = "<group>"; };
		71DAAB8720F25C4B00695874 /* CoordinatorFactoryImp.swift */ = {isa = PBXFileReference; lastKnownFileType = sourcecode.swift; path = CoordinatorFactoryImp.swift; sourceTree = "<group>"; };
		71DAAB8A20F25CD800695874 /* ModuleFactoryImp.swift */ = {isa = PBXFileReference; lastKnownFileType = sourcecode.swift; path = ModuleFactoryImp.swift; sourceTree = "<group>"; };
		71DAAB8C20F25D8D00695874 /* TopEntriesModuleFactory.swift */ = {isa = PBXFileReference; lastKnownFileType = sourcecode.swift; path = TopEntriesModuleFactory.swift; sourceTree = "<group>"; };
		71DAAB8E20F25DD600695874 /* PicturePreviewModuleFactory.swift */ = {isa = PBXFileReference; lastKnownFileType = sourcecode.swift; path = PicturePreviewModuleFactory.swift; sourceTree = "<group>"; };
		71DAAB9120F25EBD00695874 /* EntriesListViewModel.swift */ = {isa = PBXFileReference; lastKnownFileType = sourcecode.swift; path = EntriesListViewModel.swift; sourceTree = "<group>"; };
		71DAAB9320F25EDC00695874 /* EntriesListViewModelImp.swift */ = {isa = PBXFileReference; lastKnownFileType = sourcecode.swift; path = EntriesListViewModelImp.swift; sourceTree = "<group>"; };
		71DAAB9620F260F700695874 /* PicturePreviewViewModel.swift */ = {isa = PBXFileReference; lastKnownFileType = sourcecode.swift; path = PicturePreviewViewModel.swift; sourceTree = "<group>"; };
		71DAAB9820F2614400695874 /* PicturePreviewViewModelImp.swift */ = {isa = PBXFileReference; lastKnownFileType = sourcecode.swift; path = PicturePreviewViewModelImp.swift; sourceTree = "<group>"; };
		71DAAB9B20F263A400695874 /* UIViewController+Storyboards.swift */ = {isa = PBXFileReference; lastKnownFileType = sourcecode.swift; path = "UIViewController+Storyboards.swift"; sourceTree = "<group>"; };
		71DAAB9D20F264A000695874 /* NSObject+ClassName.swift */ = {isa = PBXFileReference; lastKnownFileType = sourcecode.swift; path = "NSObject+ClassName.swift"; sourceTree = "<group>"; };
		71DAAB9F20F265D500695874 /* Storyboards.swift */ = {isa = PBXFileReference; lastKnownFileType = sourcecode.swift; path = Storyboards.swift; sourceTree = "<group>"; };
		71DAABA220F26D0E00695874 /* MVVMViewModel.swift */ = {isa = PBXFileReference; lastKnownFileType = sourcecode.swift; path = MVVMViewModel.swift; sourceTree = "<group>"; };
		71DAABA420F26D2F00695874 /* MVVMViewController.swift */ = {isa = PBXFileReference; lastKnownFileType = sourcecode.swift; path = MVVMViewController.swift; sourceTree = "<group>"; };
		71DAABA920F26F4000695874 /* TopEntriesCoordinator.swift */ = {isa = PBXFileReference; lastKnownFileType = sourcecode.swift; path = TopEntriesCoordinator.swift; sourceTree = "<group>"; };
		71DAABAC20F2726800695874 /* PictureViewerCoordinator.swift */ = {isa = PBXFileReference; lastKnownFileType = sourcecode.swift; path = PictureViewerCoordinator.swift; sourceTree = "<group>"; };
		71DAABAE20F275E300695874 /* EntriesListModuleIO.swift */ = {isa = PBXFileReference; lastKnownFileType = sourcecode.swift; path = EntriesListModuleIO.swift; sourceTree = "<group>"; };
		71DAABB120F2760B00695874 /* Picture.swift */ = {isa = PBXFileReference; lastKnownFileType = sourcecode.swift; path = Picture.swift; sourceTree = "<group>"; };
		71DAABB320F2773A00695874 /* Typealiases.swift */ = {isa = PBXFileReference; lastKnownFileType = sourcecode.swift; path = Typealiases.swift; sourceTree = "<group>"; };
		71F71EDC20F52803007330A9 /* RedditEntriesProviderImp.swift */ = {isa = PBXFileReference; lastKnownFileType = sourcecode.swift; path = RedditEntriesProviderImp.swift; sourceTree = "<group>"; };
		71F71EDE20F5416E007330A9 /* LoadingCell.swift */ = {isa = PBXFileReference; lastKnownFileType = sourcecode.swift; path = LoadingCell.swift; sourceTree = "<group>"; };
		71F71EE120F556A4007330A9 /* RedditPictureProvider.swift */ = {isa = PBXFileReference; lastKnownFileType = sourcecode.swift; path = RedditPictureProvider.swift; sourceTree = "<group>"; };
		71F71EE320F55796007330A9 /* RedditPictureProviderImp.swift */ = {isa = PBXFileReference; lastKnownFileType = sourcecode.swift; path = RedditPictureProviderImp.swift; sourceTree = "<group>"; };
/* End PBXFileReference section */

/* Begin PBXFrameworksBuildPhase section */
		7186312820F2259600D5A118 /* Frameworks */ = {
			isa = PBXFrameworksBuildPhase;
			buildActionMask = 2147483647;
			files = (
			);
			runOnlyForDeploymentPostprocessing = 0;
		};
/* End PBXFrameworksBuildPhase section */

/* Begin PBXGroup section */
		710D4D2A20F3EED500E139BE /* Models */ = {
			isa = PBXGroup;
			children = (
				710D4D2C20F3EEF800E139BE /* RedditEntry.swift */,
				710D4D3020F3F26700E139BE /* RedditEntriesProviderPagingImp.swift */,
			);
			path = Models;
			sourceTree = "<group>";
		};
		710D4D2B20F3EEDE00E139BE /* Services */ = {
			isa = PBXGroup;
			children = (
				710D4D2E20F3EF8300E139BE /* RedditEntriesProvider.swift */,
			);
			path = Services;
			sourceTree = "<group>";
		};
		710D4D3420F3FB4D00E139BE /* Services */ = {
			isa = PBXGroup;
			children = (
				710D4D3520F3FB5A00E139BE /* RedditDataProvider */,
				7112123320F6A359003249CC /* DeviceLibraryPictureSaver.swift */,
			);
			path = Services;
			sourceTree = "<group>";
		};
		710D4D3520F3FB5A00E139BE /* RedditDataProvider */ = {
			isa = PBXGroup;
			children = (
				710D4D3620F3FB7300E139BE /* RedditDataProvider.swift */,
				710D4D3820F4026E00E139BE /* RedditDecodable.swift */,
				71F71EDC20F52803007330A9 /* RedditEntriesProviderImp.swift */,
				71F71EE320F55796007330A9 /* RedditPictureProviderImp.swift */,
			);
			path = RedditDataProvider;
			sourceTree = "<group>";
		};
		716EB15020F22C3A001A6B37 /* Storyboards */ = {
			isa = PBXGroup;
			children = (
				71DAAB9F20F265D500695874 /* Storyboards.swift */,
				7186313220F2259600D5A118 /* Main.storyboard */,
				7186313720F2259700D5A118 /* LaunchScreen.storyboard */,
			);
			path = Storyboards;
			sourceTree = "<group>";
		};
		7186312220F2259600D5A118 = {
			isa = PBXGroup;
			children = (
				716EB15120F22C84001A6B37 /* README.md */,
				7186312D20F2259600D5A118 /* RedditViewer */,
				7186312C20F2259600D5A118 /* Products */,
			);
			sourceTree = "<group>";
		};
		7186312C20F2259600D5A118 /* Products */ = {
			isa = PBXGroup;
			children = (
				7186312B20F2259600D5A118 /* RedditViewer.app */,
			);
			name = Products;
			sourceTree = "<group>";
		};
		7186312D20F2259600D5A118 /* RedditViewer */ = {
			isa = PBXGroup;
			children = (
				7186314220F2274400D5A118 /* Classes */,
				716EB15020F22C3A001A6B37 /* Storyboards */,
				7186314120F2273D00D5A118 /* Support */,
				7186314020F2273600D5A118 /* Resources */,
			);
			path = RedditViewer;
			sourceTree = "<group>";
		};
		7186314020F2273600D5A118 /* Resources */ = {
			isa = PBXGroup;
			children = (
				7186313520F2259700D5A118 /* Assets.xcassets */,
			);
			path = Resources;
			sourceTree = "<group>";
		};
		7186314120F2273D00D5A118 /* Support */ = {
			isa = PBXGroup;
			children = (
				7186313A20F2259700D5A118 /* Info.plist */,
			);
			path = Support;
			sourceTree = "<group>";
		};
		7186314220F2274400D5A118 /* Classes */ = {
			isa = PBXGroup;
			children = (
				710D4D3420F3FB4D00E139BE /* Services */,
				71DAABA620F26EC900695874 /* Application */,
				71DAABA720F26F1600695874 /* Flows */,
				71DAAB8320F25B6A00695874 /* Factories */,
				71DAAB7C20F25A4800695874 /* Router */,
				71DAABB020F275F900695874 /* Models */,
				71DAAB7320F2567400695874 /* Modules */,
				71DAABA120F26CD600695874 /* MVVM */,
				71DAAB7020F2553200695874 /* Coordinators */,
				71DAAB9A20F2637F00695874 /* Utils */,
			);
			path = Classes;
			sourceTree = "<group>";
		};
		71DAAB7020F2553200695874 /* Coordinators */ = {
			isa = PBXGroup;
			children = (
				71DAAB7120F2554600695874 /* Coordinator.swift */,
				71DAAB7820F2570900695874 /* BaseCoordinator.swift */,
			);
			path = Coordinators;
			sourceTree = "<group>";
		};
		71DAAB7320F2567400695874 /* Modules */ = {
			isa = PBXGroup;
			children = (
				71DAAB7520F2569D00695874 /* PicturePreview */,
				71DAAB7420F2567C00695874 /* EntriesList */,
			);
			path = Modules;
			sourceTree = "<group>";
		};
		71DAAB7420F2567C00695874 /* EntriesList */ = {
			isa = PBXGroup;
			children = (
				710D4D2B20F3EEDE00E139BE /* Services */,
				710D4D2A20F3EED500E139BE /* Models */,
				71DAAB9020F25E5D00695874 /* BL */,
				71DAAB7620F256AA00695874 /* UI */,
			);
			path = EntriesList;
			sourceTree = "<group>";
		};
		71DAAB7520F2569D00695874 /* PicturePreview */ = {
			isa = PBXGroup;
			children = (
				71F71EE020F5568C007330A9 /* Services */,
				71DAAB9520F260DC00695874 /* BL */,
				71DAAB7720F256B900695874 /* UI */,
			);
			path = PicturePreview;
			sourceTree = "<group>";
		};
		71DAAB7620F256AA00695874 /* UI */ = {
			isa = PBXGroup;
			children = (
				716EB15320F22EA3001A6B37 /* EntriesListViewController.swift */,
				716EB15820F244F9001A6B37 /* EntryCell.swift */,
				71F71EDE20F5416E007330A9 /* LoadingCell.swift */,
			);
			path = UI;
			sourceTree = "<group>";
		};
		71DAAB7720F256B900695874 /* UI */ = {
			isa = PBXGroup;
			children = (
				716EB15620F23BB8001A6B37 /* PicturePreviewViewController.swift */,
			);
			path = UI;
			sourceTree = "<group>";
		};
		71DAAB7C20F25A4800695874 /* Router */ = {
			isa = PBXGroup;
			children = (
				71DAAB7D20F25A5300695874 /* Router.swift */,
				71DAAB7F20F25A7600695874 /* RouterImp.swift */,
				71DAAB8120F25B2000695874 /* Presentable.swift */,
			);
			path = Router;
			sourceTree = "<group>";
		};
		71DAAB8320F25B6A00695874 /* Factories */ = {
			isa = PBXGroup;
			children = (
				71DAAB8620F25C3D00695874 /* Implementations */,
				71DAAB8420F25B8600695874 /* CoordinatorFactory.swift */,
				71DAAB8C20F25D8D00695874 /* TopEntriesModuleFactory.swift */,
				71DAAB8E20F25DD600695874 /* PicturePreviewModuleFactory.swift */,
			);
			path = Factories;
			sourceTree = "<group>";
		};
		71DAAB8620F25C3D00695874 /* Implementations */ = {
			isa = PBXGroup;
			children = (
				71DAAB8720F25C4B00695874 /* CoordinatorFactoryImp.swift */,
				71DAAB8A20F25CD800695874 /* ModuleFactoryImp.swift */,
			);
			path = Implementations;
			sourceTree = "<group>";
		};
		71DAAB9020F25E5D00695874 /* BL */ = {
			isa = PBXGroup;
			children = (
				71DAAB9120F25EBD00695874 /* EntriesListViewModel.swift */,
				71DAAB9320F25EDC00695874 /* EntriesListViewModelImp.swift */,
				71DAABAE20F275E300695874 /* EntriesListModuleIO.swift */,
			);
			path = BL;
			sourceTree = "<group>";
		};
		71DAAB9520F260DC00695874 /* BL */ = {
			isa = PBXGroup;
			children = (
				71DAAB9620F260F700695874 /* PicturePreviewViewModel.swift */,
				71DAAB9820F2614400695874 /* PicturePreviewViewModelImp.swift */,
			);
			path = BL;
			sourceTree = "<group>";
		};
		71DAAB9A20F2637F00695874 /* Utils */ = {
			isa = PBXGroup;
			children = (
				71DAAB9B20F263A400695874 /* UIViewController+Storyboards.swift */,
				71DAAB9D20F264A000695874 /* NSObject+ClassName.swift */,
				710D4D3220F3F77100E139BE /* Observable.swift */,
				71AA03AC20FA233300266FE7 /* UIImageView+URL.swift */,
				71AA03AE20FA3CBC00266FE7 /* String+Date.swift */,
			);
			path = Utils;
			sourceTree = "<group>";
		};
		71DAABA120F26CD600695874 /* MVVM */ = {
			isa = PBXGroup;
			children = (
				71DAABA220F26D0E00695874 /* MVVMViewModel.swift */,
				71DAABA420F26D2F00695874 /* MVVMViewController.swift */,
			);
			path = MVVM;
			sourceTree = "<group>";
		};
		71DAABA620F26EC900695874 /* Application */ = {
			isa = PBXGroup;
			children = (
				7186312E20F2259600D5A118 /* AppDelegate.swift */,
				71DAAB7A20F2598F00695874 /* ApplicationCoordinator.swift */,
			);
			path = Application;
			sourceTree = "<group>";
		};
		71DAABA720F26F1600695874 /* Flows */ = {
			isa = PBXGroup;
			children = (
				71DAABA820F26F2500695874 /* TopEntries */,
				71DAABAB20F2720100695874 /* PicturePreview */,
			);
			path = Flows;
			sourceTree = "<group>";
		};
		71DAABA820F26F2500695874 /* TopEntries */ = {
			isa = PBXGroup;
			children = (
				71DAABA920F26F4000695874 /* TopEntriesCoordinator.swift */,
			);
			path = TopEntries;
			sourceTree = "<group>";
		};
		71DAABAB20F2720100695874 /* PicturePreview */ = {
			isa = PBXGroup;
			children = (
				71DAABAC20F2726800695874 /* PictureViewerCoordinator.swift */,
			);
			path = PicturePreview;
			sourceTree = "<group>";
		};
		71DAABB020F275F900695874 /* Models */ = {
			isa = PBXGroup;
			children = (
				71DAABB120F2760B00695874 /* Picture.swift */,
				71DAABB320F2773A00695874 /* Typealiases.swift */,
			);
			path = Models;
			sourceTree = "<group>";
		};
		71F71EE020F5568C007330A9 /* Services */ = {
			isa = PBXGroup;
			children = (
				71F71EE120F556A4007330A9 /* RedditPictureProvider.swift */,
				7112123120F6A1E2003249CC /* PictureSaver.swift */,
			);
			path = Services;
			sourceTree = "<group>";
		};
/* End PBXGroup section */

/* Begin PBXNativeTarget section */
		7186312A20F2259600D5A118 /* RedditViewer */ = {
			isa = PBXNativeTarget;
			buildConfigurationList = 7186313D20F2259700D5A118 /* Build configuration list for PBXNativeTarget "RedditViewer" */;
			buildPhases = (
				7186312720F2259600D5A118 /* Sources */,
				7186312820F2259600D5A118 /* Frameworks */,
				7186312920F2259600D5A118 /* Resources */,
			);
			buildRules = (
			);
			dependencies = (
			);
			name = RedditViewer;
			productName = RedditViewer;
			productReference = 7186312B20F2259600D5A118 /* RedditViewer.app */;
			productType = "com.apple.product-type.application";
		};
/* End PBXNativeTarget section */

/* Begin PBXProject section */
		7186312320F2259600D5A118 /* Project object */ = {
			isa = PBXProject;
			attributes = {
				LastSwiftUpdateCheck = 0940;
				LastUpgradeCheck = 0940;
				ORGANIZATIONNAME = "Viktor Gubriienko";
				TargetAttributes = {
					7186312A20F2259600D5A118 = {
						CreatedOnToolsVersion = 9.4.1;
					};
				};
			};
			buildConfigurationList = 7186312620F2259600D5A118 /* Build configuration list for PBXProject "RedditViewer" */;
			compatibilityVersion = "Xcode 9.3";
			developmentRegion = en;
			hasScannedForEncodings = 0;
			knownRegions = (
				en,
				Base,
			);
			mainGroup = 7186312220F2259600D5A118;
			productRefGroup = 7186312C20F2259600D5A118 /* Products */;
			projectDirPath = "";
			projectRoot = "";
			targets = (
				7186312A20F2259600D5A118 /* RedditViewer */,
			);
		};
/* End PBXProject section */

/* Begin PBXResourcesBuildPhase section */
		7186312920F2259600D5A118 /* Resources */ = {
			isa = PBXResourcesBuildPhase;
			buildActionMask = 2147483647;
			files = (
				7186313920F2259700D5A118 /* LaunchScreen.storyboard in Resources */,
				7186313620F2259700D5A118 /* Assets.xcassets in Resources */,
				7186313420F2259600D5A118 /* Main.storyboard in Resources */,
			);
			runOnlyForDeploymentPostprocessing = 0;
		};
/* End PBXResourcesBuildPhase section */

/* Begin PBXSourcesBuildPhase section */
		7186312720F2259600D5A118 /* Sources */ = {
			isa = PBXSourcesBuildPhase;
			buildActionMask = 2147483647;
			files = (
				71DAAB9720F260F700695874 /* PicturePreviewViewModel.swift in Sources */,
				71DAAB8F20F25DD600695874 /* PicturePreviewModuleFactory.swift in Sources */,
				71DAAB8B20F25CD800695874 /* ModuleFactoryImp.swift in Sources */,
				71DAABAA20F26F4000695874 /* TopEntriesCoordinator.swift in Sources */,
				71F71EE420F55796007330A9 /* RedditPictureProviderImp.swift in Sources */,
				710D4D2D20F3EEF800E139BE /* RedditEntry.swift in Sources */,
				71DAABB220F2760B00695874 /* Picture.swift in Sources */,
				71DAAB9920F2614400695874 /* PicturePreviewViewModelImp.swift in Sources */,
				71DAABA020F265D500695874 /* Storyboards.swift in Sources */,
				71DAAB7E20F25A5300695874 /* Router.swift in Sources */,
				71AA03AF20FA3CBC00266FE7 /* String+Date.swift in Sources */,
				71DAABAF20F275E300695874 /* EntriesListModuleIO.swift in Sources */,
				716EB15920F244F9001A6B37 /* EntryCell.swift in Sources */,
				71DAAB9420F25EDC00695874 /* EntriesListViewModelImp.swift in Sources */,
				710D4D3920F4026E00E139BE /* RedditDecodable.swift in Sources */,
				71DAABAD20F2726800695874 /* PictureViewerCoordinator.swift in Sources */,
				71DAABA520F26D2F00695874 /* MVVMViewController.swift in Sources */,
				71DAAB8D20F25D8D00695874 /* TopEntriesModuleFactory.swift in Sources */,
				71F71EDD20F52803007330A9 /* RedditEntriesProviderImp.swift in Sources */,
				71DAAB7920F2570900695874 /* BaseCoordinator.swift in Sources */,
				71DAAB8220F25B2000695874 /* Presentable.swift in Sources */,
				71DAAB9220F25EBD00695874 /* EntriesListViewModel.swift in Sources */,
				71DAAB8820F25C4B00695874 /* CoordinatorFactoryImp.swift in Sources */,
				71DAABA320F26D0E00695874 /* MVVMViewModel.swift in Sources */,
				716EB15420F22EA3001A6B37 /* EntriesListViewController.swift in Sources */,
				71DAAB9E20F264A000695874 /* NSObject+ClassName.swift in Sources */,
				710D4D3320F3F77100E139BE /* Observable.swift in Sources */,
				71AA03AD20FA233300266FE7 /* UIImageView+URL.swift in Sources */,
				71DAAB9C20F263A400695874 /* UIViewController+Storyboards.swift in Sources */,
				71DAAB7220F2554600695874 /* Coordinator.swift in Sources */,
				710D4D2F20F3EF8300E139BE /* RedditEntriesProvider.swift in Sources */,
				7186312F20F2259600D5A118 /* AppDelegate.swift in Sources */,
				71DAAB8020F25A7600695874 /* RouterImp.swift in Sources */,
				716EB15720F23BB8001A6B37 /* PicturePreviewViewController.swift in Sources */,
				7112123220F6A1E2003249CC /* PictureSaver.swift in Sources */,
				7112123420F6A359003249CC /* DeviceLibraryPictureSaver.swift in Sources */,
				710D4D3120F3F26700E139BE /* RedditEntriesProviderPagingImp.swift in Sources */,
				710D4D3720F3FB7300E139BE /* RedditDataProvider.swift in Sources */,
				71DAAB8520F25B8600695874 /* CoordinatorFactory.swift in Sources */,
				71F71EDF20F5416E007330A9 /* LoadingCell.swift in Sources */,
				71DAABB420F2773A00695874 /* Typealiases.swift in Sources */,
				71DAAB7B20F2598F00695874 /* ApplicationCoordinator.swift in Sources */,
				71F71EE220F556A4007330A9 /* RedditPictureProvider.swift in Sources */,
			);
			runOnlyForDeploymentPostprocessing = 0;
		};
/* End PBXSourcesBuildPhase section */

/* Begin PBXVariantGroup section */
		7186313220F2259600D5A118 /* Main.storyboard */ = {
			isa = PBXVariantGroup;
			children = (
				7186313320F2259600D5A118 /* Base */,
			);
			name = Main.storyboard;
			sourceTree = "<group>";
		};
		7186313720F2259700D5A118 /* LaunchScreen.storyboard */ = {
			isa = PBXVariantGroup;
			children = (
				7186313820F2259700D5A118 /* Base */,
			);
			name = LaunchScreen.storyboard;
			sourceTree = "<group>";
		};
/* End PBXVariantGroup section */

/* Begin XCBuildConfiguration section */
		7186313B20F2259700D5A118 /* Debug */ = {
			isa = XCBuildConfiguration;
			buildSettings = {
				ALWAYS_SEARCH_USER_PATHS = NO;
				CLANG_ANALYZER_NONNULL = YES;
				CLANG_ANALYZER_NUMBER_OBJECT_CONVERSION = YES_AGGRESSIVE;
				CLANG_CXX_LANGUAGE_STANDARD = "gnu++14";
				CLANG_CXX_LIBRARY = "libc++";
				CLANG_ENABLE_MODULES = YES;
				CLANG_ENABLE_OBJC_ARC = YES;
				CLANG_ENABLE_OBJC_WEAK = YES;
				CLANG_WARN_BLOCK_CAPTURE_AUTORELEASING = YES;
				CLANG_WARN_BOOL_CONVERSION = YES;
				CLANG_WARN_COMMA = YES;
				CLANG_WARN_CONSTANT_CONVERSION = YES;
				CLANG_WARN_DEPRECATED_OBJC_IMPLEMENTATIONS = YES;
				CLANG_WARN_DIRECT_OBJC_ISA_USAGE = YES_ERROR;
				CLANG_WARN_DOCUMENTATION_COMMENTS = YES;
				CLANG_WARN_EMPTY_BODY = YES;
				CLANG_WARN_ENUM_CONVERSION = YES;
				CLANG_WARN_INFINITE_RECURSION = YES;
				CLANG_WARN_INT_CONVERSION = YES;
				CLANG_WARN_NON_LITERAL_NULL_CONVERSION = YES;
				CLANG_WARN_OBJC_IMPLICIT_RETAIN_SELF = YES;
				CLANG_WARN_OBJC_LITERAL_CONVERSION = YES;
				CLANG_WARN_OBJC_ROOT_CLASS = YES_ERROR;
				CLANG_WARN_RANGE_LOOP_ANALYSIS = YES;
				CLANG_WARN_STRICT_PROTOTYPES = YES;
				CLANG_WARN_SUSPICIOUS_MOVE = YES;
				CLANG_WARN_UNGUARDED_AVAILABILITY = YES_AGGRESSIVE;
				CLANG_WARN_UNREACHABLE_CODE = YES;
				CLANG_WARN__DUPLICATE_METHOD_MATCH = YES;
				CODE_SIGN_IDENTITY = "iPhone Developer";
				COPY_PHASE_STRIP = NO;
				DEBUG_INFORMATION_FORMAT = dwarf;
				ENABLE_STRICT_OBJC_MSGSEND = YES;
				ENABLE_TESTABILITY = YES;
				GCC_C_LANGUAGE_STANDARD = gnu11;
				GCC_DYNAMIC_NO_PIC = NO;
				GCC_NO_COMMON_BLOCKS = YES;
				GCC_OPTIMIZATION_LEVEL = 0;
				GCC_PREPROCESSOR_DEFINITIONS = (
					"DEBUG=1",
					"$(inherited)",
				);
				GCC_WARN_64_TO_32_BIT_CONVERSION = YES;
				GCC_WARN_ABOUT_RETURN_TYPE = YES_ERROR;
				GCC_WARN_UNDECLARED_SELECTOR = YES;
				GCC_WARN_UNINITIALIZED_AUTOS = YES_AGGRESSIVE;
				GCC_WARN_UNUSED_FUNCTION = YES;
				GCC_WARN_UNUSED_VARIABLE = YES;
				IPHONEOS_DEPLOYMENT_TARGET = 11.4;
				MTL_ENABLE_DEBUG_INFO = YES;
				ONLY_ACTIVE_ARCH = YES;
				SDKROOT = iphoneos;
				SWIFT_ACTIVE_COMPILATION_CONDITIONS = DEBUG;
				SWIFT_OPTIMIZATION_LEVEL = "-Onone";
			};
			name = Debug;
		};
		7186313C20F2259700D5A118 /* Release */ = {
			isa = XCBuildConfiguration;
			buildSettings = {
				ALWAYS_SEARCH_USER_PATHS = NO;
				CLANG_ANALYZER_NONNULL = YES;
				CLANG_ANALYZER_NUMBER_OBJECT_CONVERSION = YES_AGGRESSIVE;
				CLANG_CXX_LANGUAGE_STANDARD = "gnu++14";
				CLANG_CXX_LIBRARY = "libc++";
				CLANG_ENABLE_MODULES = YES;
				CLANG_ENABLE_OBJC_ARC = YES;
				CLANG_ENABLE_OBJC_WEAK = YES;
				CLANG_WARN_BLOCK_CAPTURE_AUTORELEASING = YES;
				CLANG_WARN_BOOL_CONVERSION = YES;
				CLANG_WARN_COMMA = YES;
				CLANG_WARN_CONSTANT_CONVERSION = YES;
				CLANG_WARN_DEPRECATED_OBJC_IMPLEMENTATIONS = YES;
				CLANG_WARN_DIRECT_OBJC_ISA_USAGE = YES_ERROR;
				CLANG_WARN_DOCUMENTATION_COMMENTS = YES;
				CLANG_WARN_EMPTY_BODY = YES;
				CLANG_WARN_ENUM_CONVERSION = YES;
				CLANG_WARN_INFINITE_RECURSION = YES;
				CLANG_WARN_INT_CONVERSION = YES;
				CLANG_WARN_NON_LITERAL_NULL_CONVERSION = YES;
				CLANG_WARN_OBJC_IMPLICIT_RETAIN_SELF = YES;
				CLANG_WARN_OBJC_LITERAL_CONVERSION = YES;
				CLANG_WARN_OBJC_ROOT_CLASS = YES_ERROR;
				CLANG_WARN_RANGE_LOOP_ANALYSIS = YES;
				CLANG_WARN_STRICT_PROTOTYPES = YES;
				CLANG_WARN_SUSPICIOUS_MOVE = YES;
				CLANG_WARN_UNGUARDED_AVAILABILITY = YES_AGGRESSIVE;
				CLANG_WARN_UNREACHABLE_CODE = YES;
				CLANG_WARN__DUPLICATE_METHOD_MATCH = YES;
				CODE_SIGN_IDENTITY = "iPhone Developer";
				COPY_PHASE_STRIP = NO;
				DEBUG_INFORMATION_FORMAT = "dwarf-with-dsym";
				ENABLE_NS_ASSERTIONS = NO;
				ENABLE_STRICT_OBJC_MSGSEND = YES;
				GCC_C_LANGUAGE_STANDARD = gnu11;
				GCC_NO_COMMON_BLOCKS = YES;
				GCC_WARN_64_TO_32_BIT_CONVERSION = YES;
				GCC_WARN_ABOUT_RETURN_TYPE = YES_ERROR;
				GCC_WARN_UNDECLARED_SELECTOR = YES;
				GCC_WARN_UNINITIALIZED_AUTOS = YES_AGGRESSIVE;
				GCC_WARN_UNUSED_FUNCTION = YES;
				GCC_WARN_UNUSED_VARIABLE = YES;
				IPHONEOS_DEPLOYMENT_TARGET = 11.4;
				MTL_ENABLE_DEBUG_INFO = NO;
				SDKROOT = iphoneos;
				SWIFT_COMPILATION_MODE = wholemodule;
				SWIFT_OPTIMIZATION_LEVEL = "-O";
				VALIDATE_PRODUCT = YES;
			};
			name = Release;
		};
		7186313E20F2259700D5A118 /* Debug */ = {
			isa = XCBuildConfiguration;
			buildSettings = {
				ASSETCATALOG_COMPILER_APPICON_NAME = AppIcon;
				CODE_SIGN_STYLE = Automatic;
				DEVELOPMENT_TEAM = 4T34TB9SBE;
				INFOPLIST_FILE = RedditViewer/Support/Info.plist;
				IPHONEOS_DEPLOYMENT_TARGET = 11.0;
				LD_RUNPATH_SEARCH_PATHS = (
					"$(inherited)",
					"@executable_path/Frameworks",
				);
				PRODUCT_BUNDLE_IDENTIFIER = vg.redditViewer;
				PRODUCT_NAME = "$(TARGET_NAME)";
				SWIFT_VERSION = 4.0;
				TARGETED_DEVICE_FAMILY = "1,2";
			};
			name = Debug;
		};
		7186313F20F2259700D5A118 /* Release */ = {
			isa = XCBuildConfiguration;
			buildSettings = {
				ASSETCATALOG_COMPILER_APPICON_NAME = AppIcon;
				CODE_SIGN_STYLE = Automatic;
				DEVELOPMENT_TEAM = 4T34TB9SBE;
				INFOPLIST_FILE = RedditViewer/Support/Info.plist;
				IPHONEOS_DEPLOYMENT_TARGET = 11.0;
				LD_RUNPATH_SEARCH_PATHS = (
					"$(inherited)",
					"@executable_path/Frameworks",
				);
				PRODUCT_BUNDLE_IDENTIFIER = vg.redditViewer;
				PRODUCT_NAME = "$(TARGET_NAME)";
				SWIFT_VERSION = 4.0;
				TARGETED_DEVICE_FAMILY = "1,2";
			};
			name = Release;
		};
/* End XCBuildConfiguration section */

/* Begin XCConfigurationList section */
		7186312620F2259600D5A118 /* Build configuration list for PBXProject "RedditViewer" */ = {
			isa = XCConfigurationList;
			buildConfigurations = (
				7186313B20F2259700D5A118 /* Debug */,
				7186313C20F2259700D5A118 /* Release */,
			);
			defaultConfigurationIsVisible = 0;
			defaultConfigurationName = Release;
		};
		7186313D20F2259700D5A118 /* Build configuration list for PBXNativeTarget "RedditViewer" */ = {
			isa = XCConfigurationList;
			buildConfigurations = (
				7186313E20F2259700D5A118 /* Debug */,
				7186313F20F2259700D5A118 /* Release */,
			);
			defaultConfigurationIsVisible = 0;
			defaultConfigurationName = Release;
		};
/* End XCConfigurationList section */
	};
	rootObject = 7186312320F2259600D5A118 /* Project object */;
}
